
Microsoft Visual Studio Solution File, Format Version 12.00
# Visual Studio 15
VisualStudioVersion = 15.0.27130.2027
MinimumVisualStudioVersion = 10.0.40219.1
Project("{FAE04EC0-301F-11D3-BF4B-00C04F79EFBC}") = "Services", "LexerServices\Services.csproj", "{4A0529FC-0049-41AF-97F1-B055F403F23A}"
EndProject
Project("{FAE04EC0-301F-11D3-BF4B-00C04F79EFBC}") = "Editor", "Editor\Editor.csproj", "{7BBF669D-1606-4BB9-8BF6-8445C34A767E}"
	ProjectSection(ProjectDependencies) = postProject
		{4A0529FC-0049-41AF-97F1-B055F403F23A} = {4A0529FC-0049-41AF-97F1-B055F403F23A}
	EndProjectSection
EndProject
Global
	GlobalSection(SolutionConfigurationPlatforms) = preSolution
		Debug|Any CPU = Debug|Any CPU
		Release|Any CPU = Release|Any CPU
	EndGlobalSection
	GlobalSection(ProjectConfigurationPlatforms) = postSolution
		{4A0529FC-0049-41AF-97F1-B055F403F23A}.Debug|Any CPU.ActiveCfg = Debug|Any CPU
		{4A0529FC-0049-41AF-97F1-B055F403F23A}.Debug|Any CPU.Build.0 = Debug|Any CPU
		{4A0529FC-0049-41AF-97F1-B055F403F23A}.Release|Any CPU.ActiveCfg = Release|Any CPU
		{4A0529FC-0049-41AF-97F1-B055F403F23A}.Release|Any CPU.Build.0 = Release|Any CPU
		{7BBF669D-1606-4BB9-8BF6-8445C34A767E}.Debug|Any CPU.ActiveCfg = Debug|Any CPU
		{7BBF669D-1606-4BB9-8BF6-8445C34A767E}.Debug|Any CPU.Build.0 = Debug|Any CPU
		{7BBF669D-1606-4BB9-8BF6-8445C34A767E}.Release|Any CPU.ActiveCfg = Release|Any CPU
		{7BBF669D-1606-4BB9-8BF6-8445C34A767E}.Release|Any CPU.Build.0 = Release|Any CPU
	EndGlobalSection
	GlobalSection(SolutionProperties) = preSolution
		HideSolutionNode = FALSE
	EndGlobalSection
	GlobalSection(ExtensibilityGlobals) = postSolution
		SolutionGuid = {82621514-EC67-48D7-9245-34024E9BF07E}
	EndGlobalSection
EndGlobal
